
Microsoft Visual Studio Solution File, Format Version 12.00
# Visual Studio Version 17
VisualStudioVersion = 17.12.35527.113
MinimumVisualStudioVersion = 10.0.40219.1
Project("{FAE04EC0-301F-11D3-BF4B-00C04F79EFBC}") = "IASMSWebApi", "IASMSWebApi.csproj", "{BF6E8A7A-BA43-4B6C-9030-3FBAAABF3C47}"
EndProject
Project("{FAE04EC0-301F-11D3-BF4B-00C04F79EFBC}") = "IASMSWebApi.nUnitTest", "..\IASMSWebApi.nUnitTest\IASMSWebApi.nUnitTest.csproj", "{B77D01BE-B6FC-477C-B5E8-9B08690CA477}"
EndProject
Global
	GlobalSection(SolutionConfigurationPlatforms) = preSolution
		Debug|Any CPU = Debug|Any CPU
		Release|Any CPU = Release|Any CPU
	EndGlobalSection
	GlobalSection(ProjectConfigurationPlatforms) = postSolution
		{BF6E8A7A-BA43-4B6C-9030-3FBAAABF3C47}.Debug|Any CPU.ActiveCfg = Debug|Any CPU
		{BF6E8A7A-BA43-4B6C-9030-3FBAAABF3C47}.Debug|Any CPU.Build.0 = Debug|Any CPU
		{BF6E8A7A-BA43-4B6C-9030-3FBAAABF3C47}.Release|Any CPU.ActiveCfg = Release|Any CPU
		{BF6E8A7A-BA43-4B6C-9030-3FBAAABF3C47}.Release|Any CPU.Build.0 = Release|Any CPU
		{B77D01BE-B6FC-477C-B5E8-9B08690CA477}.Debug|Any CPU.ActiveCfg = Debug|Any CPU
		{B77D01BE-B6FC-477C-B5E8-9B08690CA477}.Debug|Any CPU.Build.0 = Debug|Any CPU
		{B77D01BE-B6FC-477C-B5E8-9B08690CA477}.Release|Any CPU.ActiveCfg = Release|Any CPU
		{B77D01BE-B6FC-477C-B5E8-9B08690CA477}.Release|Any CPU.Build.0 = Release|Any CPU
	EndGlobalSection
	GlobalSection(SolutionProperties) = preSolution
		HideSolutionNode = FALSE
	EndGlobalSection
EndGlobal
